
Microsoft Visual Studio Solution File, Format Version 12.00
# Visual Studio Version 17
VisualStudioVersion = 17.1.32210.238
MinimumVisualStudioVersion = 10.0.40219.1
Project("{2150E333-8FDC-42A3-9474-1A3956D46DE8}") = "Application", "Application", "{8500803F-FD16-41FC-AE4C-A2AFCBFF5055}"
EndProject
Project("{2150E333-8FDC-42A3-9474-1A3956D46DE8}") = "Infra.Data", "Infra.Data", "{1E571A24-BB12-43C8-9937-9AB985418CC9}"
EndProject
Project("{2150E333-8FDC-42A3-9474-1A3956D46DE8}") = "Presentation", "Presentation", "{DCF9B469-7983-4194-96C8-06474094B156}"
EndProject
Project("{FAE04EC0-301F-11D3-BF4B-00C04F79EFBC}") = "ShortLink.Api", "ShortLink.Api\ShortLink.Api.csproj", "{B86162EB-AF2A-4973-AE09-6BB24C4D3F10}"
EndProject
Project("{FAE04EC0-301F-11D3-BF4B-00C04F79EFBC}") = "ShortLink.Application", "ShortLink.Application\ShortLink.Application.csproj", "{7D0BCA8D-D101-404C-90E4-9DA41576CC8C}"
EndProject
Project("{FAE04EC0-301F-11D3-BF4B-00C04F79EFBC}") = "ShortLink.Infra.Data", "ShortLink.Infra.Data\ShortLink.Infra.Data.csproj", "{6572BE9F-651E-4625-8B23-6E0F6E342055}"
EndProject
Global
	GlobalSection(SolutionConfigurationPlatforms) = preSolution
		Debug|Any CPU = Debug|Any CPU
		Release|Any CPU = Release|Any CPU
	EndGlobalSection
	GlobalSection(ProjectConfigurationPlatforms) = postSolution
		{B86162EB-AF2A-4973-AE09-6BB24C4D3F10}.Debug|Any CPU.ActiveCfg = Debug|Any CPU
		{B86162EB-AF2A-4973-AE09-6BB24C4D3F10}.Debug|Any CPU.Build.0 = Debug|Any CPU
		{B86162EB-AF2A-4973-AE09-6BB24C4D3F10}.Release|Any CPU.ActiveCfg = Release|Any CPU
		{B86162EB-AF2A-4973-AE09-6BB24C4D3F10}.Release|Any CPU.Build.0 = Release|Any CPU
		{7D0BCA8D-D101-404C-90E4-9DA41576CC8C}.Debug|Any CPU.ActiveCfg = Debug|Any CPU
		{7D0BCA8D-D101-404C-90E4-9DA41576CC8C}.Debug|Any CPU.Build.0 = Debug|Any CPU
		{7D0BCA8D-D101-404C-90E4-9DA41576CC8C}.Release|Any CPU.ActiveCfg = Release|Any CPU
		{7D0BCA8D-D101-404C-90E4-9DA41576CC8C}.Release|Any CPU.Build.0 = Release|Any CPU
		{6572BE9F-651E-4625-8B23-6E0F6E342055}.Debug|Any CPU.ActiveCfg = Debug|Any CPU
		{6572BE9F-651E-4625-8B23-6E0F6E342055}.Debug|Any CPU.Build.0 = Debug|Any CPU
		{6572BE9F-651E-4625-8B23-6E0F6E342055}.Release|Any CPU.ActiveCfg = Release|Any CPU
		{6572BE9F-651E-4625-8B23-6E0F6E342055}.Release|Any CPU.Build.0 = Release|Any CPU
	EndGlobalSection
	GlobalSection(SolutionProperties) = preSolution
		HideSolutionNode = FALSE
	EndGlobalSection
	GlobalSection(NestedProjects) = preSolution
		{B86162EB-AF2A-4973-AE09-6BB24C4D3F10} = {DCF9B469-7983-4194-96C8-06474094B156}
		{7D0BCA8D-D101-404C-90E4-9DA41576CC8C} = {8500803F-FD16-41FC-AE4C-A2AFCBFF5055}
		{6572BE9F-651E-4625-8B23-6E0F6E342055} = {1E571A24-BB12-43C8-9937-9AB985418CC9}
	EndGlobalSection
	GlobalSection(ExtensibilityGlobals) = postSolution
		SolutionGuid = {B9695D28-B011-42FC-9D62-A96379E5E8D0}
	EndGlobalSection
EndGlobal
